hash: b019c81099cc4578f0b5d870b0e9b37a1c6b024cbc634e05a815e390a1c5492c
updated: 2017-02-21T16:33:39.707627225-08:00
imports:
- name: github.com/cenkalti/backoff
  version: b02f2bbce11d7ea6b97f282ef1771b0fe2f65ef3
- name: github.com/garyburd/redigo
  version: 0d253a66e6e1349f4581d6d2b300ee434ee2da9f
  subpackages:
  - redis
  - internal
- name: github.com/imdario/mergo
  version: 3e95a51e0639b4cf372f2ccf74c86749d747fbdc
- name: github.com/jmoiron/sqlx
  version: f4076845477b10ac2453a16377a8383467aafe72
  subpackages:
  - reflectx
- name: github.com/lib/pq
  version: ba5d4f7a35561e22fbdf7a39aa0070f4d460cfc0
  subpackages:
  - oid
- name: github.com/mattn/go-colorable
  version: ed8eb9e318d7a84ce5915b495b7d35e0cfe7b5a8
- name: github.com/mattn/go-isatty
  version: 3a115632dcd687f9c8cd01679c83a06a0e21c1f3
- name: github.com/mgutz/ansi
  version: 9520e82c474b0a04dd04f8a40959027271bab992
- name: github.com/mgutz/configpipe
  version: 8d7c8747a17c00e21877036ff4dd980aa289becb
- name: github.com/mgutz/jo
  version: 7609815e16fdb9239a0e1e353e27c78823ce2beb
- name: github.com/mgutz/logxi
  version: 66c6f0d82a52e2d706bc1a8bf73a1abdc40825c9
- name: github.com/mgutz/sshtunnel
  version: 4b96cd995d08877df9169bd6dfd48fc47608da78
- name: github.com/mgutz/str
  version: 968bf66e3da857419e4f6e71b2d5c9ae95682dc4
- name: github.com/mgutz/to
  version: 00c06406c2dd2e011f153a6502a21473676db33f
- name: github.com/mgutz/yaml
  version: fa84835a587118b5ebe80c9b66ecd5a4d96e93ea
- name: github.com/mitchellh/go-homedir
  version: b8bc1bf767474819792c23f32d8286a45736f1c6
- name: github.com/pmylund/go-cache
  version: e7a9def80f35fe1b170b7b8b68871d59dea117e1
- name: github.com/satori/go.uuid
  version: b061729afc07e77a8aa4fad0a2fd840958f1942a
- name: golang.org/x/crypto
  version: 453249f01cfeb54c3d549ddb75ff152ca243f9d8
  subpackages:
  - ssh
  - ssh/agent
  - curve25519
  - ed25519
  - ed25519/internal/edwards25519
- name: golang.org/x/sys
  version: 075e574b89e4c2d22f2286a7e2b919519c6f3547
  subpackages:
  - unix
- name: gopkg.in/mgutz/dat.v2
  version: 403ada7b7868f78180b799d2646e65e3f239cbe7
  repo: https://github.com/mgutz/dat
  vcs: git
  subpackages:
  - dat
  - kvs
  - sqlx-runner
  - postgres
  - common
  - reflectx
devImports: []
